
Microsoft Visual Studio Solution File, Format Version 12.00
# Visual Studio Version 17
VisualStudioVersion = 17.14.37012.4 d17.14
MinimumVisualStudioVersion = 10.0.40219.1
Project("{FAE04EC0-301F-11D3-BF4B-00C04F79EFBC}") = "Database_Customer", "Database_Customer\Database_Customer.csproj", "{2A236780-C900-41C4-B3C9-4A72B6FF2E21}"
EndProject
Global
	GlobalSection(SolutionConfigurationPlatforms) = preSolution
		Debug|Any CPU = Debug|Any CPU
		Release|Any CPU = Release|Any CPU
	EndGlobalSection
	GlobalSection(ProjectConfigurationPlatforms) = postSolution
		{2A236780-C900-41C4-B3C9-4A72B6FF2E21}.Debug|Any CPU.ActiveCfg = Debug|Any CPU
		{2A236780-C900-41C4-B3C9-4A72B6FF2E21}.Debug|Any CPU.Build.0 = Debug|Any CPU
		{2A236780-C900-41C4-B3C9-4A72B6FF2E21}.Release|Any CPU.ActiveCfg = Release|Any CPU
		{2A236780-C900-41C4-B3C9-4A72B6FF2E21}.Release|Any CPU.Build.0 = Release|Any CPU
	EndGlobalSection
	GlobalSection(SolutionProperties) = preSolution
		HideSolutionNode = FALSE
	EndGlobalSection
	GlobalSection(ExtensibilityGlobals) = postSolution
		SolutionGuid = {CAC7FD56-4FC4-47CF-B4EE-559BF4229AD6}
	EndGlobalSection
EndGlobal
